Microsoft Visual Studio Solution File, Format Version 12.00
Project("{FAE04EC0-301F-11D3-BF4B-00C04F79EFBC}") = "TransformerTask.Tests", "TransformerTask.Tests\TransformerTask.Tests.csproj", "{8EC232ED-7BE5-48E9-B89C-65713733E94B}"
EndProject
Project("{FAE04EC0-301F-11D3-BF4B-00C04F79EFBC}") = "TransformerTask", "TransfomerTask\TransformerTask.csproj", "{9B06CD21-6A05-4EF5-B525-49078E3009ED}"
EndProject
Global
	GlobalSection(SolutionConfigurationPlatforms) = preSolution
		Debug|Any CPU = Debug|Any CPU
		Release|Any CPU = Release|Any CPU
	EndGlobalSection
	GlobalSection(ProjectConfigurationPlatforms) = postSolution
		{8EC232ED-7BE5-48E9-B89C-65713733E94B}.Debug|Any CPU.ActiveCfg = Debug|Any CPU
		{8EC232ED-7BE5-48E9-B89C-65713733E94B}.Debug|Any CPU.Build.0 = Debug|Any CPU
		{8EC232ED-7BE5-48E9-B89C-65713733E94B}.Release|Any CPU.ActiveCfg = Release|Any CPU
		{8EC232ED-7BE5-48E9-B89C-65713733E94B}.Release|Any CPU.Build.0 = Release|Any CPU
		{9B06CD21-6A05-4EF5-B525-49078E3009ED}.Debug|Any CPU.ActiveCfg = Debug|Any CPU
		{9B06CD21-6A05-4EF5-B525-49078E3009ED}.Debug|Any CPU.Build.0 = Debug|Any CPU
		{9B06CD21-6A05-4EF5-B525-49078E3009ED}.Release|Any CPU.ActiveCfg = Release|Any CPU
		{9B06CD21-6A05-4EF5-B525-49078E3009ED}.Release|Any CPU.Build.0 = Release|Any CPU
	EndGlobalSection
EndGlobal